{
  "name": "tenant-tail-repo",
  "version": "0.2.0",
  "lockfileVersion": 3,
  "requires": true,
  "packages": {
    "": {
      "name": "tenant-tail-repo",
      "version": "0.2.0",
      "license": "Apache-2.0",
      "devDependencies": {
        "spec-spine": "0.8.0"
      }
    },
    "node_modules/@spec-spine/cli-darwin-arm64": {
      "version": "0.8.0",
      "resolved": "https://registry.npmjs.org/@spec-spine/cli-darwin-arm64/-/cli-darwin-arm64-0.8.0.tgz",
      "integrity": "sha512-rA8bMQ0R6ODdxzl39OCfVkApf1N9SvH6qa/C0OJeKlQ0cljK1hs367/Be/FL7136OdX7pOy8tsemthe5CRMhDw==",
      "cpu": [
        "arm64"
      ],
      "dev": true,
      "license": "Apache-2.0",
      "optional": true,
      "os": [
        "darwin"
      ]
    },
    "node_modules/@spec-spine/cli-darwin-x64": {
      "version": "0.8.0",
      "resolved": "https://registry.npmjs.org/@spec-spine/cli-darwin-x64/-/cli-darwin-x64-0.8.0.tgz",
      "integrity": "sha512-5S/4XvBg8thXWwfQLpXI8FcRcZtanACa1Sw8tTcSO2XozGeu5bIJHF4aVki28Tod3zD7YM2Wv2rUCn/13XdDbA==",
      "cpu": [
        "x64"
      ],
      "dev": true,
      "license": "Apache-2.0",
      "optional": true,
      "os": [
        "darwin"
      ]
    },
    "node_modules/@spec-spine/cli-linux-arm64": {
      "version": "0.8.0",
      "resolved": "https://registry.npmjs.org/@spec-spine/cli-linux-arm64/-/cli-linux-arm64-0.8.0.tgz",
      "integrity": "sha512-WJYviQOyp0tnsPRATOY09+E3ZGn43i9Nf90oz1rYBG4SCSwVKY934AhKP2Vfjxby03Oc7hoz46hpShNM70g+Ew==",
      "cpu": [
        "arm64"
      ],
      "dev": true,
      "license": "Apache-2.0",
      "optional": true,
      "os": [
        "linux"
      ]
    },
    "node_modules/@spec-spine/cli-linux-x64": {
      "version": "0.8.0",
      "resolved": "https://registry.npmjs.org/@spec-spine/cli-linux-x64/-/cli-linux-x64-0.8.0.tgz",
      "integrity": "sha512-CIfPB0/cPjikFHy77cJTrW9N2cw0gZ2XnBH/xq6OhnFYp8UTAgZgnuyMGt3f1XOEGHVPbTu9G38NfXisMPhDGg==",
      "cpu": [
        "x64"
      ],
      "dev": true,
      "license": "Apache-2.0",
      "optional": true,
      "os": [
        "linux"
      ]
    },
    "node_modules/@spec-spine/cli-win32-x64": {
      "version": "0.8.0",
      "resolved": "https://registry.npmjs.org/@spec-spine/cli-win32-x64/-/cli-win32-x64-0.8.0.tgz",
      "integrity": "sha512-eMRQsX+7fcBfGw96v6bljd4c+jjwF240mrJEX/Jv+mab9ohwkV9bAM2eOvkDf3QiX03IWhdWvahzS0cIX7S5cw==",
      "cpu": [
        "x64"
      ],
      "dev": true,
      "license": "Apache-2.0",
      "optional": true,
      "os": [
        "win32"
      ]
    },
    "node_modules/spec-spine": {
      "version": "0.8.0",
      "resolved": "https://registry.npmjs.org/spec-spine/-/spec-spine-0.8.0.tgz",
      "integrity": "sha512-5jQC7UJnQ+m6T7FNe0U+5NeEOsQ0H99D7EbnzOHwu5ZSdmvrhA6yIv9uwUEoh58X9MIhgXWfv+ATlfGQiSW1oQ==",
      "dev": true,
      "license": "Apache-2.0",
      "bin": {
        "spec-spine": "bin/spec-spine.js"
      },
      "engines": {
        "node": ">=18"
      },
      "optionalDependencies": {
        "@spec-spine/cli-darwin-arm64": "0.8.0",
        "@spec-spine/cli-darwin-x64": "0.8.0",
        "@spec-spine/cli-linux-arm64": "0.8.0",
        "@spec-spine/cli-linux-x64": "0.8.0",
        "@spec-spine/cli-win32-x64": "0.8.0"
      }
    }
  }
}
