{
  "name": "tenant-tail-repo",
  "version": "0.1.0",
  "lockfileVersion": 3,
  "requires": true,
  "packages": {
    "": {
      "name": "tenant-tail-repo",
      "version": "0.1.0",
      "license": "Apache-2.0",
      "devDependencies": {
        "spec-spine": "0.5.0"
      }
    },
    "node_modules/@spec-spine/cli-darwin-arm64": {
      "version": "0.5.0",
      "resolved": "https://registry.npmjs.org/@spec-spine/cli-darwin-arm64/-/cli-darwin-arm64-0.5.0.tgz",
      "integrity": "sha512-NAoZPOyWOlbZBZlhbE9BNfpKv+YsA9rL8eIZOE09dWBgBMkdOAYkdpF9BCM0xYpNzPgx8HwRM5cv0CwsooJRVw==",
      "cpu": [
        "arm64"
      ],
      "dev": true,
      "license": "Apache-2.0",
      "optional": true,
      "os": [
        "darwin"
      ]
    },
    "node_modules/@spec-spine/cli-darwin-x64": {
      "version": "0.5.0",
      "resolved": "https://registry.npmjs.org/@spec-spine/cli-darwin-x64/-/cli-darwin-x64-0.5.0.tgz",
      "integrity": "sha512-ScZkwJZ3ACHWugENG34d6BfamFJG68XWT49Hcnw8pVQtO3KFvZfvx/0u7VISc1eMrXtB7yXr5b+/mvW6FYhavA==",
      "cpu": [
        "x64"
      ],
      "dev": true,
      "license": "Apache-2.0",
      "optional": true,
      "os": [
        "darwin"
      ]
    },
    "node_modules/@spec-spine/cli-linux-arm64": {
      "version": "0.5.0",
      "resolved": "https://registry.npmjs.org/@spec-spine/cli-linux-arm64/-/cli-linux-arm64-0.5.0.tgz",
      "integrity": "sha512-/PKZfI5hDhD4L/8LjT2UX0TumAc8uB0qzCfqE03KW1aDe94+CgPeZ0glvQ3uxYAfIzbw21+GwRRnYBulgvX3mg==",
      "cpu": [
        "arm64"
      ],
      "dev": true,
      "license": "Apache-2.0",
      "optional": true,
      "os": [
        "linux"
      ]
    },
    "node_modules/@spec-spine/cli-linux-x64": {
      "version": "0.5.0",
      "resolved": "https://registry.npmjs.org/@spec-spine/cli-linux-x64/-/cli-linux-x64-0.5.0.tgz",
      "integrity": "sha512-Xk64+uB9OKLs0SgRjli9dlBnGKX4HeDwh2MJSyFBUGiAoqjgscH0k32+LiXyRz96zCBy3yer+vL1m15m08plUw==",
      "cpu": [
        "x64"
      ],
      "dev": true,
      "license": "Apache-2.0",
      "optional": true,
      "os": [
        "linux"
      ]
    },
    "node_modules/@spec-spine/cli-win32-x64": {
      "version": "0.5.0",
      "resolved": "https://registry.npmjs.org/@spec-spine/cli-win32-x64/-/cli-win32-x64-0.5.0.tgz",
      "integrity": "sha512-G9aeugNrmQxpiMKgoeDl1Fl6oyhZHYdB3WGDohi0kPQvxk8A/XYerMXcBTHGURAWdnhin7ECcjF4TbhYXn23XQ==",
      "cpu": [
        "x64"
      ],
      "dev": true,
      "license": "Apache-2.0",
      "optional": true,
      "os": [
        "win32"
      ]
    },
    "node_modules/spec-spine": {
      "version": "0.5.0",
      "resolved": "https://registry.npmjs.org/spec-spine/-/spec-spine-0.5.0.tgz",
      "integrity": "sha512-lvBSX/tZwvehu4h9NPQJQ4nh0VLi+mwmh1vs6d6XH2PXb3f52b3VBG7VeyyI5Zn8mCGeqFYOoEsEpnfmWW/cnQ==",
      "dev": true,
      "license": "Apache-2.0",
      "bin": {
        "spec-spine": "bin/spec-spine.js"
      },
      "engines": {
        "node": ">=18"
      },
      "optionalDependencies": {
        "@spec-spine/cli-darwin-arm64": "0.5.0",
        "@spec-spine/cli-darwin-x64": "0.5.0",
        "@spec-spine/cli-linux-arm64": "0.5.0",
        "@spec-spine/cli-linux-x64": "0.5.0",
        "@spec-spine/cli-win32-x64": "0.5.0"
      }
    }
  }
}
